// !$*UTF8*$!
{
	archiveVersion = 1;
	classes = {
	};
	objectVersion = 50;
	objects = {

/* Begin PBXBuildFile section */
		284D3EA85BBC58387A9E7691 /* Pods_MovieList.framework in Frameworks */ = {isa = PBXBuildFile; fileRef = 53672B147BED3536550927E2 /* Pods_MovieList.framework */; };
		6C626EE32152CD8E007CC84D /* ListTableViewCell.swift in Sources */ = {isa = PBXBuildFile; fileRef = 6C626EE12152CD8E007CC84D /* ListTableViewCell.swift */; };
		6C626EE42152CD8E007CC84D /* ListTableViewCell.xib in Resources */ = {isa = PBXBuildFile; fileRef = 6C626EE22152CD8E007CC84D /* ListTableViewCell.xib */; };
		6C626EE62152D26C007CC84D /* ListTableViewController.swift in Sources */ = {isa = PBXBuildFile; fileRef = 6C626EE52152D26C007CC84D /* ListTableViewController.swift */; };
		6C626EE82153DBAC007CC84D /* EurekaViewController2.swift in Sources */ = {isa = PBXBuildFile; fileRef = 6C626EE72153DBAC007CC84D /* EurekaViewController2.swift */; };
		6C626EEA2153DBC5007CC84D /* ListTableViewController2.swift in Sources */ = {isa = PBXBuildFile; fileRef = 6C626EE92153DBC5007CC84D /* ListTableViewController2.swift */; };
		6C626EED2153DBE0007CC84D /* ListTableViewCell2.swift in Sources */ = {isa = PBXBuildFile; fileRef = 6C626EEB2153DBE0007CC84D /* ListTableViewCell2.swift */; };
		6C626EEE2153DBE0007CC84D /* ListTableViewCell2.xib in Resources */ = {isa = PBXBuildFile; fileRef = 6C626EEC2153DBE0007CC84D /* ListTableViewCell2.xib */; };
		6C626EF02153EE49007CC84D /* mymovies_logo.png in Resources */ = {isa = PBXBuildFile; fileRef = 6C626EEF2153EE48007CC84D /* mymovies_logo.png */; };
		6C626EF22153EF27007CC84D /* logo.png in Resources */ = {isa = PBXBuildFile; fileRef = 6C626EF12153EF26007CC84D /* logo.png */; };
		6CE12993214F90DB001CE69E /* icon.png in Resources */ = {isa = PBXBuildFile; fileRef = 6CE12992214F90DB001CE69E /* icon.png */; };
		6CE3BE1C2146D7CF00BF15DA /* AppDelegate.swift in Sources */ = {isa = PBXBuildFile; fileRef = 6CE3BE1B2146D7CF00BF15DA /* AppDelegate.swift */; };
		6CE3BE1E2146D7CF00BF15DA /* ViewController.swift in Sources */ = {isa = PBXBuildFile; fileRef = 6CE3BE1D2146D7CF00BF15DA /* ViewController.swift */; };
		6CE3BE212146D7CF00BF15DA /* Main.storyboard in Resources */ = {isa = PBXBuildFile; fileRef = 6CE3BE1F2146D7CF00BF15DA /* Main.storyboard */; };
		6CE3BE232146D7D100BF15DA /* Assets.xcassets in Resources */ = {isa = PBXBuildFile; fileRef = 6CE3BE222146D7D100BF15DA /* Assets.xcassets */; };
		6CE3BE262146D7D100BF15DA /* LaunchScreen.storyboard in Resources */ = {isa = PBXBuildFile; fileRef = 6CE3BE242146D7D100BF15DA /* LaunchScreen.storyboard */; };
		6CE3BE3A2147B07F00BF15DA /* EurekaViewController.swift in Sources */ = {isa = PBXBuildFile; fileRef = 6CE3BE392147B07F00BF15DA /* EurekaViewController.swift */; };
/* End PBXBuildFile section */

/* Begin PBXFileReference section */
		53672B147BED3536550927E2 /* Pods_MovieList.framework */ = {isa = PBXFileReference; explicitFileType = wrapper.framework; includeInIndex = 0; path = Pods_MovieList.framework; sourceTree = BUILT_PRODUCTS_DIR; };
		6C626EE12152CD8E007CC84D /* ListTableViewCell.swift */ = {isa = PBXFileReference; lastKnownFileType = sourcecode.swift; path = ListTableViewCell.swift; sourceTree = "<group>"; };
		6C626EE22152CD8E007CC84D /* ListTableViewCell.xib */ = {isa = PBXFileReference; lastKnownFileType = file.xib; path = ListTableViewCell.xib; sourceTree = "<group>"; };
		6C626EE52152D26C007CC84D /* ListTableViewController.swift */ = {isa = PBXFileReference; lastKnownFileType = sourcecode.swift; path = ListTableViewController.swift; sourceTree = "<group>"; };
		6C626EE72153DBAC007CC84D /* EurekaViewController2.swift */ = {isa = PBXFileReference; lastKnownFileType = sourcecode.swift; path = EurekaViewController2.swift; sourceTree = "<group>"; };
		6C626EE92153DBC5007CC84D /* ListTableViewController2.swift */ = {isa = PBXFileReference; lastKnownFileType = sourcecode.swift; path = ListTableViewController2.swift; sourceTree = "<group>"; };
		6C626EEB2153DBE0007CC84D /* ListTableViewCell2.swift */ = {isa = PBXFileReference; lastKnownFileType = sourcecode.swift; path = ListTableViewCell2.swift; sourceTree = "<group>"; };
		6C626EEC2153DBE0007CC84D /* ListTableViewCell2.xib */ = {isa = PBXFileReference; lastKnownFileType = file.xib; path = ListTableViewCell2.xib; sourceTree = "<group>"; };
		6C626EEF2153EE48007CC84D /* mymovies_logo.png */ = {isa = PBXFileReference; lastKnownFileType = image.png; path = mymovies_logo.png; sourceTree = "<group>"; };
		6C626EF12153EF26007CC84D /* logo.png */ = {isa = PBXFileReference; lastKnownFileType = image.png; path = logo.png; sourceTree = "<group>"; };
		6CE12990214F69D2001CE69E /* ja */ = {isa = PBXFileReference; lastKnownFileType = text.plist.strings; name = ja; path = ja.lproj/Main.strings; sourceTree = "<group>"; };
		6CE12991214F69D2001CE69E /* ja */ = {isa = PBXFileReference; lastKnownFileType = text.plist.strings; name = ja; path = ja.lproj/LaunchScreen.strings; sourceTree = "<group>"; };
		6CE12992214F90DB001CE69E /* icon.png */ = {isa = PBXFileReference; lastKnownFileType = image.png; path = icon.png; sourceTree = "<group>"; };
		6CE3BE182146D7CF00BF15DA /* MovieList.app */ = {isa = PBXFileReference; explicitFileType = wrapper.application; includeInIndex = 0; path = MovieList.app; sourceTree = BUILT_PRODUCTS_DIR; };
		6CE3BE1B2146D7CF00BF15DA /* AppDelegate.swift */ = {isa = PBXFileReference; lastKnownFileType = sourcecode.swift; path = AppDelegate.swift; sourceTree = "<group>"; };
		6CE3BE1D2146D7CF00BF15DA /* ViewController.swift */ = {isa = PBXFileReference; lastKnownFileType = sourcecode.swift; path = ViewController.swift; sourceTree = "<group>"; };
		6CE3BE202146D7CF00BF15DA /* Base */ = {isa = PBXFileReference; lastKnownFileType = file.storyboard; name = Base; path = Base.lproj/Main.storyboard; sourceTree = "<group>"; };
		6CE3BE222146D7D100BF15DA /* Assets.xcassets */ = {isa = PBXFileReference; lastKnownFileType = folder.assetcatalog; path = Assets.xcassets; sourceTree = "<group>"; };
		6CE3BE252146D7D100BF15DA /* Base */ = {isa = PBXFileReference; lastKnownFileType = file.storyboard; name = Base; path = Base.lproj/LaunchScreen.storyboard; sourceTree = "<group>"; };
		6CE3BE272146D7D100BF15DA /* Info.plist */ = {isa = PBXFileReference; lastKnownFileType = text.plist.xml; path = Info.plist; sourceTree = "<group>"; };
		6CE3BE392147B07F00BF15DA /* EurekaViewController.swift */ = {isa = PBXFileReference; lastKnownFileType = sourcecode.swift; path = EurekaViewController.swift; sourceTree = "<group>"; };
		8B1CF7100B8AF3786ED2A0BB /* Pods-MovieList.release.xcconfig */ = {isa = PBXFileReference; includeInIndex = 1; lastKnownFileType = text.xcconfig; name = "Pods-MovieList.release.xcconfig"; path = "Pods/Target Support Files/Pods-MovieList/Pods-MovieList.release.xcconfig"; sourceTree = "<group>"; };
		DAF1CD89250971BE94EFC071 /* Pods-MovieList.debug.xcconfig */ = {isa = PBXFileReference; includeInIndex = 1; lastKnownFileType = text.xcconfig; name = "Pods-MovieList.debug.xcconfig"; path = "Pods/Target Support Files/Pods-MovieList/Pods-MovieList.debug.xcconfig"; sourceTree = "<group>"; };
/* End PBXFileReference section */

/* Begin PBXFrameworksBuildPhase section */
		6CE3BE152146D7CF00BF15DA /* Frameworks */ = {
			isa = PBXFrameworksBuildPhase;
			buildActionMask = 2147483647;
			files = (
				284D3EA85BBC58387A9E7691 /* Pods_MovieList.framework in Frameworks */,
			);
			runOnlyForDeploymentPostprocessing = 0;
		};
/* End PBXFrameworksBuildPhase section */

/* Begin PBXGroup section */
		04BD9AEDF37D3CE821FA2190 /* Pods */ = {
			isa = PBXGroup;
			children = (
				DAF1CD89250971BE94EFC071 /* Pods-MovieList.debug.xcconfig */,
				8B1CF7100B8AF3786ED2A0BB /* Pods-MovieList.release.xcconfig */,
			);
			name = Pods;
			sourceTree = "<group>";
		};
		6CE3BE0F2146D7CF00BF15DA = {
			isa = PBXGroup;
			children = (
				6CE3BE1A2146D7CF00BF15DA /* MovieList */,
				6CE3BE192146D7CF00BF15DA /* Products */,
				04BD9AEDF37D3CE821FA2190 /* Pods */,
				9A34FF5D3D1F5188AFD96CD6 /* Frameworks */,
			);
			sourceTree = "<group>";
		};
		6CE3BE192146D7CF00BF15DA /* Products */ = {
			isa = PBXGroup;
			children = (
				6CE3BE182146D7CF00BF15DA /* MovieList.app */,
			);
			name = Products;
			sourceTree = "<group>";
		};
		6CE3BE1A2146D7CF00BF15DA /* MovieList */ = {
			isa = PBXGroup;
			children = (
				6CE12992214F90DB001CE69E /* icon.png */,
				6C626EF12153EF26007CC84D /* logo.png */,
				6C626EEF2153EE48007CC84D /* mymovies_logo.png */,
				6CE3BE1B2146D7CF00BF15DA /* AppDelegate.swift */,
				6CE3BE1D2146D7CF00BF15DA /* ViewController.swift */,
				6CE3BE1F2146D7CF00BF15DA /* Main.storyboard */,
				6C626EE72153DBAC007CC84D /* EurekaViewController2.swift */,
				6C626EE52152D26C007CC84D /* ListTableViewController.swift */,
				6C626EE92153DBC5007CC84D /* ListTableViewController2.swift */,
				6C626EEB2153DBE0007CC84D /* ListTableViewCell2.swift */,
				6C626EEC2153DBE0007CC84D /* ListTableViewCell2.xib */,
				6C626EE12152CD8E007CC84D /* ListTableViewCell.swift */,
				6C626EE22152CD8E007CC84D /* ListTableViewCell.xib */,
				6CE3BE392147B07F00BF15DA /* EurekaViewController.swift */,
				6CE3BE222146D7D100BF15DA /* Assets.xcassets */,
				6CE3BE242146D7D100BF15DA /* LaunchScreen.storyboard */,
				6CE3BE272146D7D100BF15DA /* Info.plist */,
			);
			path = MovieList;
			sourceTree = "<group>";
		};
		9A34FF5D3D1F5188AFD96CD6 /* Frameworks */ = {
			isa = PBXGroup;
			children = (
				53672B147BED3536550927E2 /* Pods_MovieList.framework */,
			);
			name = Frameworks;
			sourceTree = "<group>";
		};
/* End PBXGroup section */

/* Begin PBXNativeTarget section */
		6CE3BE172146D7CF00BF15DA /* MovieList */ = {
			isa = PBXNativeTarget;
			buildConfigurationList = 6CE3BE2A2146D7D100BF15DA /* Build configuration list for PBXNativeTarget "MovieList" */;
			buildPhases = (
				EC958D7060CEC0E2E46B72B6 /* [CP] Check Pods Manifest.lock */,
				6CE3BE142146D7CF00BF15DA /* Sources */,
				6CE3BE152146D7CF00BF15DA /* Frameworks */,
				6CE3BE162146D7CF00BF15DA /* Resources */,
				1B9341CEED75CADAE613CD3C /* [CP] Embed Pods Frameworks */,
			);
			buildRules = (
			);
			dependencies = (
			);
			name = MovieList;
			productName = MovieList;
			productReference = 6CE3BE182146D7CF00BF15DA /* MovieList.app */;
			productType = "com.apple.product-type.application";
		};
/* End PBXNativeTarget section */

/* Begin PBXProject section */
		6CE3BE102146D7CF00BF15DA /* Project object */ = {
			isa = PBXProject;
			attributes = {
				LastSwiftUpdateCheck = 0940;
				LastUpgradeCheck = 0940;
				ORGANIZATIONNAME = "Taiga KIYOKAWA";
				TargetAttributes = {
					6CE3BE172146D7CF00BF15DA = {
						CreatedOnToolsVersion = 9.4.1;
					};
				};
			};
			buildConfigurationList = 6CE3BE132146D7CF00BF15DA /* Build configuration list for PBXProject "MovieList" */;
			compatibilityVersion = "Xcode 9.3";
			developmentRegion = en;
			hasScannedForEncodings = 0;
			knownRegions = (
				en,
				Base,
			);
			mainGroup = 6CE3BE0F2146D7CF00BF15DA;
			productRefGroup = 6CE3BE192146D7CF00BF15DA /* Products */;
			projectDirPath = "";
			projectRoot = "";
			targets = (
				6CE3BE172146D7CF00BF15DA /* MovieList */,
			);
		};
/* End PBXProject section */

/* Begin PBXResourcesBuildPhase section */
		6CE3BE162146D7CF00BF15DA /* Resources */ = {
			isa = PBXResourcesBuildPhase;
			buildActionMask = 2147483647;
			files = (
				6C626EEE2153DBE0007CC84D /* ListTableViewCell2.xib in Resources */,
				6C626EF02153EE49007CC84D /* mymovies_logo.png in Resources */,
				6CE12993214F90DB001CE69E /* icon.png in Resources */,
				6CE3BE262146D7D100BF15DA /* LaunchScreen.storyboard in Resources */,
				6C626EF22153EF27007CC84D /* logo.png in Resources */,
				6CE3BE232146D7D100BF15DA /* Assets.xcassets in Resources */,
				6CE3BE212146D7CF00BF15DA /* Main.storyboard in Resources */,
				6C626EE42152CD8E007CC84D /* ListTableViewCell.xib in Resources */,
			);
			runOnlyForDeploymentPostprocessing = 0;
		};
/* End PBXResourcesBuildPhase section */

/* Begin PBXShellScriptBuildPhase section */
		1B9341CEED75CADAE613CD3C /* [CP] Embed Pods Frameworks */ = {
			isa = PBXShellScriptBuildPhase;
			buildActionMask = 2147483647;
			files = (
			);
			inputFileListPaths = (
			);
			inputPaths = (
				"${PODS_ROOT}/Target Support Files/Pods-MovieList/Pods-MovieList-frameworks.sh",
				"${BUILT_PRODUCTS_DIR}/Eureka/Eureka.framework",
			);
			name = "[CP] Embed Pods Frameworks";
			outputFileListPaths = (
			);
			outputPaths = (
				"${TARGET_BUILD_DIR}/${FRAMEWORKS_FOLDER_PATH}/Eureka.framework",
			);
			runOnlyForDeploymentPostprocessing = 0;
			shellPath = /bin/sh;
			shellScript = "\"${PODS_ROOT}/Target Support Files/Pods-MovieList/Pods-MovieList-frameworks.sh\"\n";
			showEnvVarsInLog = 0;
		};
		EC958D7060CEC0E2E46B72B6 /* [CP] Check Pods Manifest.lock */ = {
			isa = PBXShellScriptBuildPhase;
			buildActionMask = 2147483647;
			files = (
			);
			inputFileListPaths = (
			);
			inputPaths = (
				"${PODS_PODFILE_DIR_PATH}/Podfile.lock",
				"${PODS_ROOT}/Manifest.lock",
			);
			name = "[CP] Check Pods Manifest.lock";
			outputFileListPaths = (
			);
			outputPaths = (
				"$(DERIVED_FILE_DIR)/Pods-MovieList-checkManifestLockResult.txt",
			);
			runOnlyForDeploymentPostprocessing = 0;
			shellPath = /bin/sh;
			shellScript = "diff \"${PODS_PODFILE_DIR_PATH}/Podfile.lock\" \"${PODS_ROOT}/Manifest.lock\" > /dev/null\nif [ $? != 0 ] ; then\n    # print error to STDERR\n    echo \"error: The sandbox is not in sync with the Podfile.lock. Run 'pod install' or update your CocoaPods installation.\" >&2\n    exit 1\nfi\n# This output is used by Xcode 'outputs' to avoid re-running this script phase.\necho \"SUCCESS\" > \"${SCRIPT_OUTPUT_FILE_0}\"\n";
			showEnvVarsInLog = 0;
		};
/* End PBXShellScriptBuildPhase section */

/* Begin PBXSourcesBuildPhase section */
		6CE3BE142146D7CF00BF15DA /* Sources */ = {
			isa = PBXSourcesBuildPhase;
			buildActionMask = 2147483647;
			files = (
				6C626EE82153DBAC007CC84D /* EurekaViewController2.swift in Sources */,
				6CE3BE3A2147B07F00BF15DA /* EurekaViewController.swift in Sources */,
				6C626EE32152CD8E007CC84D /* ListTableViewCell.swift in Sources */,
				6CE3BE1E2146D7CF00BF15DA /* ViewController.swift in Sources */,
				6C626EED2153DBE0007CC84D /* ListTableViewCell2.swift in Sources */,
				6C626EEA2153DBC5007CC84D /* ListTableViewController2.swift in Sources */,
				6C626EE62152D26C007CC84D /* ListTableViewController.swift in Sources */,
				6CE3BE1C2146D7CF00BF15DA /* AppDelegate.swift in Sources */,
			);
			runOnlyForDeploymentPostprocessing = 0;
		};
/* End PBXSourcesBuildPhase section */

/* Begin PBXVariantGroup section */
		6CE3BE1F2146D7CF00BF15DA /* Main.storyboard */ = {
			isa = PBXVariantGroup;
			children = (
				6CE3BE202146D7CF00BF15DA /* Base */,
				6CE12990214F69D2001CE69E /* ja */,
			);
			name = Main.storyboard;
			sourceTree = "<group>";
		};
		6CE3BE242146D7D100BF15DA /* LaunchScreen.storyboard */ = {
			isa = PBXVariantGroup;
			children = (
				6CE3BE252146D7D100BF15DA /* Base */,
				6CE12991214F69D2001CE69E /* ja */,
			);
			name = LaunchScreen.storyboard;
			sourceTree = "<group>";
		};
/* End PBXVariantGroup section */

/* Begin XCBuildConfiguration section */
		6CE3BE282146D7D100BF15DA /* Debug */ = {
			isa = XCBuildConfiguration;
			buildSettings = {
				ALWAYS_SEARCH_USER_PATHS = NO;
				CLANG_ANALYZER_LOCALIZABILITY_NONLOCALIZED = YES;
				CLANG_ANALYZER_NONNULL = YES;
				CLANG_ANALYZER_NUMBER_OBJECT_CONVERSION = YES_AGGRESSIVE;
				CLANG_CXX_LANGUAGE_STANDARD = "gnu++14";
				CLANG_CXX_LIBRARY = "libc++";
				CLANG_ENABLE_MODULES = YES;
				CLANG_ENABLE_OBJC_ARC = YES;
				CLANG_ENABLE_OBJC_WEAK = YES;
				CLANG_WARN_BLOCK_CAPTURE_AUTORELEASING = YES;
				CLANG_WARN_BOOL_CONVERSION = YES;
				CLANG_WARN_COMMA = YES;
				CLANG_WARN_CONSTANT_CONVERSION = YES;
				CLANG_WARN_DEPRECATED_OBJC_IMPLEMENTATIONS = YES;
				CLANG_WARN_DIRECT_OBJC_ISA_USAGE = YES_ERROR;
				CLANG_WARN_DOCUMENTATION_COMMENTS = YES;
				CLANG_WARN_EMPTY_BODY = YES;
				CLANG_WARN_ENUM_CONVERSION = YES;
				CLANG_WARN_INFINITE_RECURSION = YES;
				CLANG_WARN_INT_CONVERSION = YES;
				CLANG_WARN_NON_LITERAL_NULL_CONVERSION = YES;
				CLANG_WARN_OBJC_IMPLICIT_RETAIN_SELF = YES;
				CLANG_WARN_OBJC_LITERAL_CONVERSION = YES;
				CLANG_WARN_OBJC_ROOT_CLASS = YES_ERROR;
				CLANG_WARN_RANGE_LOOP_ANALYSIS = YES;
				CLANG_WARN_STRICT_PROTOTYPES = YES;
				CLANG_WARN_SUSPICIOUS_MOVE = YES;
				CLANG_WARN_UNGUARDED_AVAILABILITY = YES_AGGRESSIVE;
				CLANG_WARN_UNREACHABLE_CODE = YES;
				CLANG_WARN__DUPLICATE_METHOD_MATCH = YES;
				CODE_SIGN_IDENTITY = "iPhone Developer";
				COPY_PHASE_STRIP = NO;
				DEBUG_INFORMATION_FORMAT = dwarf;
				ENABLE_STRICT_OBJC_MSGSEND = YES;
				ENABLE_TESTABILITY = YES;
				GCC_C_LANGUAGE_STANDARD = gnu11;
				GCC_DYNAMIC_NO_PIC = NO;
				GCC_NO_COMMON_BLOCKS = YES;
				GCC_OPTIMIZATION_LEVEL = 0;
				GCC_PREPROCESSOR_DEFINITIONS = (
					"DEBUG=1",
					"$(inherited)",
				);
				GCC_WARN_64_TO_32_BIT_CONVERSION = YES;
				GCC_WARN_ABOUT_RETURN_TYPE = YES_ERROR;
				GCC_WARN_UNDECLARED_SELECTOR = YES;
				GCC_WARN_UNINITIALIZED_AUTOS = YES_AGGRESSIVE;
				GCC_WARN_UNUSED_FUNCTION = YES;
				GCC_WARN_UNUSED_VARIABLE = YES;
				IPHONEOS_DEPLOYMENT_TARGET = 11.4;
				MTL_ENABLE_DEBUG_INFO = YES;
				ONLY_ACTIVE_ARCH = YES;
				SDKROOT = iphoneos;
				SWIFT_ACTIVE_COMPILATION_CONDITIONS = DEBUG;
				SWIFT_OPTIMIZATION_LEVEL = "-Onone";
			};
			name = Debug;
		};
		6CE3BE292146D7D100BF15DA /* Release */ = {
			isa = XCBuildConfiguration;
			buildSettings = {
				ALWAYS_SEARCH_USER_PATHS = NO;
				CLANG_ANALYZER_LOCALIZABILITY_NONLOCALIZED = YES;
				CLANG_ANALYZER_NONNULL = YES;
				CLANG_ANALYZER_NUMBER_OBJECT_CONVERSION = YES_AGGRESSIVE;
				CLANG_CXX_LANGUAGE_STANDARD = "gnu++14";
				CLANG_CXX_LIBRARY = "libc++";
				CLANG_ENABLE_MODULES = YES;
				CLANG_ENABLE_OBJC_ARC = YES;
				CLANG_ENABLE_OBJC_WEAK = YES;
				CLANG_WARN_BLOCK_CAPTURE_AUTORELEASING = YES;
				CLANG_WARN_BOOL_CONVERSION = YES;
				CLANG_WARN_COMMA = YES;
				CLANG_WARN_CONSTANT_CONVERSION = YES;
				CLANG_WARN_DEPRECATED_OBJC_IMPLEMENTATIONS = YES;
				CLANG_WARN_DIRECT_OBJC_ISA_USAGE = YES_ERROR;
				CLANG_WARN_DOCUMENTATION_COMMENTS = YES;
				CLANG_WARN_EMPTY_BODY = YES;
				CLANG_WARN_ENUM_CONVERSION = YES;
				CLANG_WARN_INFINITE_RECURSION = YES;
				CLANG_WARN_INT_CONVERSION = YES;
				CLANG_WARN_NON_LITERAL_NULL_CONVERSION = YES;
				CLANG_WARN_OBJC_IMPLICIT_RETAIN_SELF = YES;
				CLANG_WARN_OBJC_LITERAL_CONVERSION = YES;
				CLANG_WARN_OBJC_ROOT_CLASS = YES_ERROR;
				CLANG_WARN_RANGE_LOOP_ANALYSIS = YES;
				CLANG_WARN_STRICT_PROTOTYPES = YES;
				CLANG_WARN_SUSPICIOUS_MOVE = YES;
				CLANG_WARN_UNGUARDED_AVAILABILITY = YES_AGGRESSIVE;
				CLANG_WARN_UNREACHABLE_CODE = YES;
				CLANG_WARN__DUPLICATE_METHOD_MATCH = YES;
				CODE_SIGN_IDENTITY = "iPhone Developer";
				COPY_PHASE_STRIP = NO;
				DEBUG_INFORMATION_FORMAT = "dwarf-with-dsym";
				ENABLE_NS_ASSERTIONS = NO;
				ENABLE_STRICT_OBJC_MSGSEND = YES;
				GCC_C_LANGUAGE_STANDARD = gnu11;
				GCC_NO_COMMON_BLOCKS = YES;
				GCC_WARN_64_TO_32_BIT_CONVERSION = YES;
				GCC_WARN_ABOUT_RETURN_TYPE = YES_ERROR;
				GCC_WARN_UNDECLARED_SELECTOR = YES;
				GCC_WARN_UNINITIALIZED_AUTOS = YES_AGGRESSIVE;
				GCC_WARN_UNUSED_FUNCTION = YES;
				GCC_WARN_UNUSED_VARIABLE = YES;
				IPHONEOS_DEPLOYMENT_TARGET = 11.4;
				MTL_ENABLE_DEBUG_INFO = NO;
				SDKROOT = iphoneos;
				SWIFT_COMPILATION_MODE = wholemodule;
				SWIFT_OPTIMIZATION_LEVEL = "-O";
				VALIDATE_PRODUCT = YES;
			};
			name = Release;
		};
		6CE3BE2B2146D7D100BF15DA /* Debug */ = {
			isa = XCBuildConfiguration;
			baseConfigurationReference = DAF1CD89250971BE94EFC071 /* Pods-MovieList.debug.xcconfig */;
			buildSettings = {
				ASSETCATALOG_COMPILER_APPICON_NAME = AppIcon;
				CODE_SIGN_STYLE = Automatic;
				DEVELOPMENT_TEAM = 347TZD8AL5;
				INFOPLIST_FILE = MovieList/Info.plist;
				LD_RUNPATH_SEARCH_PATHS = (
					"$(inherited)",
					"@executable_path/Frameworks",
				);
				PRODUCT_BUNDLE_IDENTIFIER = taiga.kiyokawa.MovieList;
				PRODUCT_NAME = "$(TARGET_NAME)";
				SWIFT_VERSION = 4.0;
				TARGETED_DEVICE_FAMILY = "1,2";
			};
			name = Debug;
		};
		6CE3BE2C2146D7D100BF15DA /* Release */ = {
			isa = XCBuildConfiguration;
			baseConfigurationReference = 8B1CF7100B8AF3786ED2A0BB /* Pods-MovieList.release.xcconfig */;
			buildSettings = {
				ASSETCATALOG_COMPILER_APPICON_NAME = AppIcon;
				CODE_SIGN_STYLE = Automatic;
				DEVELOPMENT_TEAM = 347TZD8AL5;
				INFOPLIST_FILE = MovieList/Info.plist;
				LD_RUNPATH_SEARCH_PATHS = (
					"$(inherited)",
					"@executable_path/Frameworks",
				);
				PRODUCT_BUNDLE_IDENTIFIER = taiga.kiyokawa.MovieList;
				PRODUCT_NAME = "$(TARGET_NAME)";
				SWIFT_VERSION = 4.0;
				TARGETED_DEVICE_FAMILY = "1,2";
			};
			name = Release;
		};
/* End XCBuildConfiguration section */

/* Begin XCConfigurationList section */
		6CE3BE132146D7CF00BF15DA /* Build configuration list for PBXProject "MovieList" */ = {
			isa = XCConfigurationList;
			buildConfigurations = (
				6CE3BE282146D7D100BF15DA /* Debug */,
				6CE3BE292146D7D100BF15DA /* Release */,
			);
			defaultConfigurationIsVisible = 0;
			defaultConfigurationName = Release;
		};
		6CE3BE2A2146D7D100BF15DA /* Build configuration list for PBXNativeTarget "MovieList" */ = {
			isa = XCConfigurationList;
			buildConfigurations = (
				6CE3BE2B2146D7D100BF15DA /* Debug */,
				6CE3BE2C2146D7D100BF15DA /* Release */,
			);
			defaultConfigurationIsVisible = 0;
			defaultConfigurationName = Release;
		};
/* End XCConfigurationList section */
	};
	rootObject = 6CE3BE102146D7CF00BF15DA /* Project object */;
}
